
Microsoft Visual Studio Solution File, Format Version 12.00
# Visual Studio Version 17
VisualStudioVersion = 17.11.35312.102
MinimumVisualStudioVersion = 10.0.40219.1
Project("{FAE04EC0-301F-11D3-BF4B-00C04F79EFBC}") = "22.04.25", "22.04.25\22.04.25.csproj", "{82EF01A9-2713-4AC5-BA0C-7F2E6EC7BDE9}"
EndProject
Global
	GlobalSection(SolutionConfigurationPlatforms) = preSolution
		Debug|Any CPU = Debug|Any CPU
		Release|Any CPU = Release|Any CPU
	EndGlobalSection
	GlobalSection(ProjectConfigurationPlatforms) = postSolution
		{82EF01A9-2713-4AC5-BA0C-7F2E6EC7BDE9}.Debug|Any CPU.ActiveCfg = Debug|Any CPU
		{82EF01A9-2713-4AC5-BA0C-7F2E6EC7BDE9}.Debug|Any CPU.Build.0 = Debug|Any CPU
		{82EF01A9-2713-4AC5-BA0C-7F2E6EC7BDE9}.Release|Any CPU.ActiveCfg = Release|Any CPU
		{82EF01A9-2713-4AC5-BA0C-7F2E6EC7BDE9}.Release|Any CPU.Build.0 = Release|Any CPU
	EndGlobalSection
	GlobalSection(SolutionProperties) = preSolution
		HideSolutionNode = FALSE
	EndGlobalSection
	GlobalSection(ExtensibilityGlobals) = postSolution
		SolutionGuid = {88F9C9DA-7C6B-4185-8F97-475931AEE2DE}
	EndGlobalSection
EndGlobal
